{
  "version": 1,
  "dependencies": {
    "net8.0": {
      "CliWrap": {
        "type": "Direct",
        "requested": "[3.10.2, )",
        "resolved": "3.10.2",
        "contentHash": "oW63Lh5Tr2dVRnGSn5UyV2ITAYTdyaGB8r4pGMcz7CwfzketV7ANyn2LvNJtOjXjL/tJbG0qDH8Xwgt3jgGMNg=="
      },
      "Espresso3389.HttpStream": {
        "type": "Direct",
        "requested": "[2.0.76, )",
        "resolved": "2.0.76",
        "contentHash": "/ba8Z8IWWWIgiQnzraOM/wn9bNMnlawz1odJgxcC/l6BM13axLfKhbrA9eesXxTCHBxDKUTgw93T41J4nLCkPQ=="
      },
      "Microsoft.Bcl.Memory": {
        "type": "Direct",
        "requested": "[10.0.9, )",
        "resolved": "10.0.9",
        "contentHash": "Ot6xtHSjibECjp8mP41wch9GUSeGTXtUUc7M2MthKtiFmvPBMpvp6d8RwBJOtg/ia5PE0iR05PRy1ZVBAOmaeQ=="
      },
      "Microsoft.Build": {
        "type": "Direct",
        "requested": "[17.11.31, 17.12.6)",
        "resolved": "17.11.31",
        "contentHash": "fmiBmvRbROfWFurUsyPVcLEvarxjCed84e3GWG6p/K5Sqhko6iUQw7rtlKJlDTjR4rSOM7uu59GEAf+0nHlrIw==",
        "dependencies": {
          "Microsoft.Build.Framework": "17.11.31",
          "Microsoft.NET.StringTools": "17.11.31",
          "System.Collections.Immutable": "8.0.0",
          "System.Configuration.ConfigurationManager": "8.0.0",
          "System.Reflection.Metadata": "8.0.0",
          "System.Reflection.MetadataLoadContext": "8.0.0"
        }
      },
      "Microsoft.Build.Locator": {
        "type": "Direct",
        "requested": "[1.11.2, )",
        "resolved": "1.11.2",
        "contentHash": "tY+/S54G29CGsbL3slVu4vqtpciwVnb3fKOmrhgzEQmu/VziFaWmD/E1e/2KH7cDucuycGSkWsSXndBs5Uawow=="
      },
      "MinVer": {
        "type": "Direct",
        "requested": "[7.0.0, )",
        "resolved": "7.0.0",
        "contentHash": "2lMTCQl5bGP4iv0JNkockPnyllC6eHLz+CoK2ICvalvHod+exXSxueu9hq+zNkU7bZBJf8wMfeRC/Edn8AGmEg=="
      },
      "NuGet.ProjectModel": {
        "type": "Direct",
        "requested": "[7.6.0, )",
        "resolved": "7.6.0",
        "contentHash": "riIgLhY6Ek+YGgAsw159wbeG+v9S5v7naFFg9tPCr8uNoqoP/dXy9sxCAPRQqoYxao6Gqe8nKN7NiI+EOfjSVw==",
        "dependencies": {
          "NuGet.DependencyResolver.Core": "7.6.0"
        }
      },
      "OneOf": {
        "type": "Direct",
        "requested": "[3.0.271, )",
        "resolved": "3.0.271",
        "contentHash": "pqpqeK8xQGggExhr4tesVgJkjdn+9HQAO0QgrYV2hFjE3y90okzk1kQMntMiUOGfV7FrCUfKPaVvPBD4IANqKg=="
      },
      "OneOf.SourceGenerator": {
        "type": "Direct",
        "requested": "[3.0.271, )",
        "resolved": "3.0.271",
        "contentHash": "I7e5kx5prSV99g+rM/xO5KMhwBQL/b+NlUY76RhbutXJ0tgiuMoqgOFnlTHOxCLrlKmwaMzp3VI8oz05PSlcIA=="
      },
      "Spectre.Console.Analyzer": {
        "type": "Direct",
        "requested": "[1.0.0, )",
        "resolved": "1.0.0",
        "contentHash": "TojbwWASRf3PMUsotXa8MQ9SNwEwWZZ5bAYf1eLv+jiDsxaD/n7TKTi3da6z4+m8uZHri2i+BVRuLj5w+6j64Q=="
      },
      "Spectre.Console.Cli": {
        "type": "Direct",
        "requested": "[0.55.1-alpha.0.7, )",
        "resolved": "0.55.1-alpha.0.7",
        "contentHash": "t+cNOiJl85oWM/3frWyR7l2GVwRlYTglV7+QlO3GKzF7zERFeVDx+j+0gAEV9fJ1u2t2UA+hX9nG79qIuJaQ8A==",
        "dependencies": {
          "Spectre.Console": "0.55.2"
        }
      },
      "Microsoft.Build.Framework": {
        "type": "Transitive",
        "resolved": "17.11.31",
        "contentHash": "9bGe48OGm0EO69HHpex0shnNLH7ZEB4Nwj7mofeLUoQcl9NeuIJe9F9dawKJF3E0bf5qPTwH/v3eyCXgMD4HuA=="
      },
      "Microsoft.NET.StringTools": {
        "type": "Transitive",
        "resolved": "17.11.31",
        "contentHash": "eYFod+GPNjpcjviyz2xjNIkNuj4aowrucHGQZxs9xWfJmbv8evo/Nud56Kb38x2prbKnCEfZhbhIBc2e/qlZAA=="
      },
      "Newtonsoft.Json": {
        "type": "Transitive",
        "resolved": "13.0.3",
        "contentHash": "HrC5BXdl00IP9zeV+0Z848QWPAoCr9P3bDEZguI+gkLcBKAOxix/tLEAAHC+UvDNPv4a2d18lOReHMOagPa+zQ=="
      },
      "NuGet.Common": {
        "type": "Transitive",
        "resolved": "7.6.0",
        "contentHash": "uyXLqkbbZmkMvdHOR23l1EHW2hRmULtzoG3Ocj84VpGptnNfkODVboHGJfDfcn9Gi9oUNDs8/VjL4FZcST6zVg==",
        "dependencies": {
          "NuGet.Frameworks": "7.6.0"
        }
      },
      "NuGet.Configuration": {
        "type": "Transitive",
        "resolved": "7.6.0",
        "contentHash": "+bNj+YneC5CNg1vR+WZjLAakscJlsi0KhADZUgIJPn4pwh8/jeCUMC5ik5cpET/i+QOplDy7aJVTGkpdfrlPww==",
        "dependencies": {
          "NuGet.Common": "7.6.0",
          "System.Security.Cryptography.ProtectedData": "8.0.0"
        }
      },
      "NuGet.DependencyResolver.Core": {
        "type": "Transitive",
        "resolved": "7.6.0",
        "contentHash": "4SfWqW1dNB1d5tIFhooCmKwVAYoT7on9jyIzMYBmvaQY0bBbbdYLjk4VbX1f1bVfq7AGXX32TXO//sH+JtWkig==",
        "dependencies": {
          "NuGet.Configuration": "7.6.0",
          "NuGet.LibraryModel": "7.6.0",
          "NuGet.Protocol": "7.6.0"
        }
      },
      "NuGet.Frameworks": {
        "type": "Transitive",
        "resolved": "7.6.0",
        "contentHash": "rJ7QtKN45XzLXCrMATve6eFLiUyUGEkA1rFSb6U6Fw6laM4hEAcKOrcdbgWlcFUlCK2158qP1LF00hg/ivF3nw=="
      },
      "NuGet.LibraryModel": {
        "type": "Transitive",
        "resolved": "7.6.0",
        "contentHash": "Wmr4qdzde4G83YiqdxNFkGZYFrFj1Dr65+XAGuRKn+Ij+FtX35KJgcwm62yPi+Yp3tif0AwMHhTK4JYnVHI4QQ==",
        "dependencies": {
          "NuGet.Common": "7.6.0",
          "NuGet.Versioning": "7.6.0"
        }
      },
      "NuGet.Packaging": {
        "type": "Transitive",
        "resolved": "7.6.0",
        "contentHash": "TDp+qHzRBy1zjwiJGCbfpdO0jMG5hH/bk7p1EABLKv9p5SIykDPGnbuYXm2iZO0QJ/H+hOI/vo5LfqM17Q+G0w==",
        "dependencies": {
          "Newtonsoft.Json": "13.0.3",
          "NuGet.Configuration": "7.6.0",
          "NuGet.Versioning": "7.6.0",
          "System.Security.Cryptography.Pkcs": "8.0.1"
        }
      },
      "NuGet.Protocol": {
        "type": "Transitive",
        "resolved": "7.6.0",
        "contentHash": "Ccb9dJG9hW0FdHFjXoHmhJBBJRYSCeSJArLdZjyZj6/FEAIKezLn75KFQNrTPE5UiAp4HVrjBizufZ/0IXhfKQ==",
        "dependencies": {
          "NuGet.Packaging": "7.6.0"
        }
      },
      "NuGet.Versioning": {
        "type": "Transitive",
        "resolved": "7.6.0",
        "contentHash": "TpZxfOoQBQk/0r/2uc1A1qNYIKHkJGgOrWP+ax3nsNAUN/1BOQMDrgmGADogSA4hOXH1ZJiyeYg4Ca+vUW0sEg=="
      },
      "Spectre.Console": {
        "type": "Transitive",
        "resolved": "0.55.2",
        "contentHash": "yc0g12YJpmZHofGJLTQX02/uqfzJ6XHRx6pe9rANNjleQptXMHPxD9KI2/DWkXiJWddc+4oizEdGox15c89hhw==",
        "dependencies": {
          "Spectre.Console.Ansi": "0.55.2"
        }
      },
      "Spectre.Console.Ansi": {
        "type": "Transitive",
        "resolved": "0.55.2",
        "contentHash": "tN3KEJQQZwLW9HJnG5YTSAxfBwxsmg1wVuGvhGG2rM+pbl+NGaHU8pDcNofPlOXlgpkbpBMxI5t9o9qPfy3sHQ=="
      },
      "System.Collections.Immutable": {
        "type": "Transitive",
        "resolved": "8.0.0",
        "contentHash": "AurL6Y5BA1WotzlEvVaIDpqzpIPvYnnldxru8oXJU2yFxFUy3+pNXjXd1ymO+RA0rq0+590Q8gaz2l3Sr7fmqg=="
      },
      "System.Configuration.ConfigurationManager": {
        "type": "Transitive",
        "resolved": "8.0.0",
        "contentHash": "JlYi9XVvIREURRUlGMr1F6vOFLk7YSY4p1vHo4kX3tQ0AGrjqlRWHDi66ImHhy6qwXBG3BJ6Y1QlYQ+Qz6Xgww==",
        "dependencies": {
          "System.Diagnostics.EventLog": "8.0.0",
          "System.Security.Cryptography.ProtectedData": "8.0.0"
        }
      },
      "System.Diagnostics.EventLog": {
        "type": "Transitive",
        "resolved": "8.0.0",
        "contentHash": "fdYxcRjQqTTacKId/2IECojlDSFvp7LP5N78+0z/xH7v/Tuw5ZAxu23Y6PTCRinqyu2ePx+Gn1098NC6jM6d+A=="
      },
      "System.Reflection.Metadata": {
        "type": "Transitive",
        "resolved": "8.0.0",
        "contentHash": "ptvgrFh7PvWI8bcVqG5rsA/weWM09EnthFHR5SCnS6IN+P4mj6rE1lBDC4U8HL9/57htKAqy4KQ3bBj84cfYyQ==",
        "dependencies": {
          "System.Collections.Immutable": "8.0.0"
        }
      },
      "System.Reflection.MetadataLoadContext": {
        "type": "Transitive",
        "resolved": "8.0.0",
        "contentHash": "SZxrQ4sQYnIcdwiO3G/lHZopbPYQ2lW0ioT4JezgccWUrKaKbHLJbAGZaDfkYjWcta1pWssAo3MOXLsR0ie4tQ==",
        "dependencies": {
          "System.Collections.Immutable": "8.0.0",
          "System.Reflection.Metadata": "8.0.0"
        }
      },
      "System.Security.Cryptography.Pkcs": {
        "type": "Transitive",
        "resolved": "8.0.1",
        "contentHash": "CoCRHFym33aUSf/NtWSVSZa99dkd0Hm7OCZUxORBjRB16LNhIEOf8THPqzIYlvKM0nNDAPTRBa1FxEECrgaxxA=="
      },
      "System.Security.Cryptography.ProtectedData": {
        "type": "Transitive",
        "resolved": "8.0.0",
        "contentHash": "+TUFINV2q2ifyXauQXRwy4CiBhqvDEDZeVJU7qfxya4aRYOKzVBpN+4acx25VcPB9ywUN6C0n8drWl110PhZEg=="
      }
    }
  }
}